
Microsoft Visual Studio Solution File, Format Version 12.00
# Visual Studio Version 17
VisualStudioVersion = 17.14.36301.6 d17.14
MinimumVisualStudioVersion = 10.0.40219.1
Project("{FAE04EC0-301F-11D3-BF4B-00C04F79EFBC}") = "rinha-back-end-2025", "rinha-back-end-2025.csproj", "{21C94970-474D-471B-8F44-ED19073A2449}"
EndProject
Global
	GlobalSection(SolutionConfigurationPlatforms) = preSolution
		Debug|Any CPU = Debug|Any CPU
		Release|Any CPU = Release|Any CPU
	EndGlobalSection
	GlobalSection(ProjectConfigurationPlatforms) = postSolution
		{21C94970-474D-471B-8F44-ED19073A2449}.Debug|Any CPU.ActiveCfg = Debug|Any CPU
		{21C94970-474D-471B-8F44-ED19073A2449}.Debug|Any CPU.Build.0 = Debug|Any CPU
		{21C94970-474D-471B-8F44-ED19073A2449}.Release|Any CPU.ActiveCfg = Release|Any CPU
		{21C94970-474D-471B-8F44-ED19073A2449}.Release|Any CPU.Build.0 = Release|Any CPU
	EndGlobalSection
	GlobalSection(SolutionProperties) = preSolution
		HideSolutionNode = FALSE
	EndGlobalSection
	GlobalSection(ExtensibilityGlobals) = postSolution
		SolutionGuid = {8F6FB01C-35D8-4916-AC58-1176F1020C7C}
	EndGlobalSection
EndGlobal
